
Microsoft Visual Studio Solution File, Format Version 12.00
# Visual Studio 15
VisualStudioVersion = 15.0.28307.168
MinimumVisualStudioVersion = 10.0.40219.1
Project("{FAE04EC0-301F-11D3-BF4B-00C04F79EFBC}") = "Ex01", "Ex01\Ex01.csproj", "{C5D0B4DE-93D6-4C82-8AC7-84283BFD154C}"
EndProject
Project("{FAE04EC0-301F-11D3-BF4B-00C04F79EFBC}") = "Ex02", "Ex02\Ex02.csproj", "{FADACFD2-BF5C-4E3D-99D9-F302091673B1}"
EndProject
Project("{FAE04EC0-301F-11D3-BF4B-00C04F79EFBC}") = "Ex03", "Ex03\Ex03.csproj", "{C453E6CC-FB6A-4180-8565-0572ECA2EA02}"
EndProject
Project("{FAE04EC0-301F-11D3-BF4B-00C04F79EFBC}") = "Ex04", "Ex04\Ex04.csproj", "{4B41E896-159C-4657-AD67-D79164247EFB}"
EndProject
Project("{FAE04EC0-301F-11D3-BF4B-00C04F79EFBC}") = "Ex05", "Ex05\Ex05.csproj", "{807D9F0E-CA8E-490E-A20D-2543D8E64D96}"
EndProject
Global
	GlobalSection(SolutionConfigurationPlatforms) = preSolution
		Debug|Any CPU = Debug|Any CPU
		Release|Any CPU = Release|Any CPU
	EndGlobalSection
	GlobalSection(ProjectConfigurationPlatforms) = postSolution
		{C5D0B4DE-93D6-4C82-8AC7-84283BFD154C}.Debug|Any CPU.ActiveCfg = Debug|Any CPU
		{C5D0B4DE-93D6-4C82-8AC7-84283BFD154C}.Debug|Any CPU.Build.0 = Debug|Any CPU
		{C5D0B4DE-93D6-4C82-8AC7-84283BFD154C}.Release|Any CPU.ActiveCfg = Release|Any CPU
		{C5D0B4DE-93D6-4C82-8AC7-84283BFD154C}.Release|Any CPU.Build.0 = Release|Any CPU
		{FADACFD2-BF5C-4E3D-99D9-F302091673B1}.Debug|Any CPU.ActiveCfg = Debug|Any CPU
		{FADACFD2-BF5C-4E3D-99D9-F302091673B1}.Debug|Any CPU.Build.0 = Debug|Any CPU
		{FADACFD2-BF5C-4E3D-99D9-F302091673B1}.Release|Any CPU.ActiveCfg = Release|Any CPU
		{FADACFD2-BF5C-4E3D-99D9-F302091673B1}.Release|Any CPU.Build.0 = Release|Any CPU
		{C453E6CC-FB6A-4180-8565-0572ECA2EA02}.Debug|Any CPU.ActiveCfg = Debug|Any CPU
		{C453E6CC-FB6A-4180-8565-0572ECA2EA02}.Debug|Any CPU.Build.0 = Debug|Any CPU
		{C453E6CC-FB6A-4180-8565-0572ECA2EA02}.Release|Any CPU.ActiveCfg = Release|Any CPU
		{C453E6CC-FB6A-4180-8565-0572ECA2EA02}.Release|Any CPU.Build.0 = Release|Any CPU
		{4B41E896-159C-4657-AD67-D79164247EFB}.Debug|Any CPU.ActiveCfg = Debug|Any CPU
		{4B41E896-159C-4657-AD67-D79164247EFB}.Debug|Any CPU.Build.0 = Debug|Any CPU
		{4B41E896-159C-4657-AD67-D79164247EFB}.Release|Any CPU.ActiveCfg = Release|Any CPU
		{4B41E896-159C-4657-AD67-D79164247EFB}.Release|Any CPU.Build.0 = Release|Any CPU
		{807D9F0E-CA8E-490E-A20D-2543D8E64D96}.Debug|Any CPU.ActiveCfg = Debug|Any CPU
		{807D9F0E-CA8E-490E-A20D-2543D8E64D96}.Debug|Any CPU.Build.0 = Debug|Any CPU
		{807D9F0E-CA8E-490E-A20D-2543D8E64D96}.Release|Any CPU.ActiveCfg = Release|Any CPU
		{807D9F0E-CA8E-490E-A20D-2543D8E64D96}.Release|Any CPU.Build.0 = Release|Any CPU
	EndGlobalSection
	GlobalSection(SolutionProperties) = preSolution
		HideSolutionNode = FALSE
	EndGlobalSection
	GlobalSection(ExtensibilityGlobals) = postSolution
		SolutionGuid = {82C23D96-0A76-40F0-A1A8-0A13A551914A}
	EndGlobalSection
EndGlobal
