
Microsoft Visual Studio Solution File, Format Version 12.00
# Visual Studio 15
VisualStudioVersion = 15.0.28307.271
MinimumVisualStudioVersion = 10.0.40219.1
Project("{FAE04EC0-301F-11D3-BF4B-00C04F79EFBC}") = "Interface", "WpfApp1\Interface.csproj", "{8BD66086-47ED-40BF-851C-2E1B8947EB1B}"
EndProject
Global
	GlobalSection(SolutionConfigurationPlatforms) = preSolution
		Debug|Any CPU = Debug|Any CPU
		Release|Any CPU = Release|Any CPU
	EndGlobalSection
	GlobalSection(ProjectConfigurationPlatforms) = postSolution
		{8BD66086-47ED-40BF-851C-2E1B8947EB1B}.Debug|Any CPU.ActiveCfg = Debug|Any CPU
		{8BD66086-47ED-40BF-851C-2E1B8947EB1B}.Debug|Any CPU.Build.0 = Debug|Any CPU
		{8BD66086-47ED-40BF-851C-2E1B8947EB1B}.Release|Any CPU.ActiveCfg = Release|Any CPU
		{8BD66086-47ED-40BF-851C-2E1B8947EB1B}.Release|Any CPU.Build.0 = Release|Any CPU
	EndGlobalSection
	GlobalSection(SolutionProperties) = preSolution
		HideSolutionNode = FALSE
	EndGlobalSection
	GlobalSection(ExtensibilityGlobals) = postSolution
		SolutionGuid = {0CAB7958-2631-485F-A77F-1CE2DA78D472}
	EndGlobalSection
EndGlobal
